
Microsoft Visual Studio Solution File, Format Version 12.00
# Visual Studio 15
VisualStudioVersion = 15.0.27130.2027
MinimumVisualStudioVersion = 10.0.40219.1
Project("{FAE04EC0-301F-11D3-BF4B-00C04F79EFBC}") = "Greeting Card Good", "Greeting Card Good\Greeting Card Good.csproj", "{85B2D469-AE31-46B6-8BF6-9508EDDCF4BA}"
EndProject
Global
	GlobalSection(SolutionConfigurationPlatforms) = preSolution
		Debug|Any CPU = Debug|Any CPU
		Release|Any CPU = Release|Any CPU
	EndGlobalSection
	GlobalSection(ProjectConfigurationPlatforms) = postSolution
		{85B2D469-AE31-46B6-8BF6-9508EDDCF4BA}.Debug|Any CPU.ActiveCfg = Debug|Any CPU
		{85B2D469-AE31-46B6-8BF6-9508EDDCF4BA}.Debug|Any CPU.Build.0 = Debug|Any CPU
		{85B2D469-AE31-46B6-8BF6-9508EDDCF4BA}.Release|Any CPU.ActiveCfg = Release|Any CPU
		{85B2D469-AE31-46B6-8BF6-9508EDDCF4BA}.Release|Any CPU.Build.0 = Release|Any CPU
	EndGlobalSection
	GlobalSection(SolutionProperties) = preSolution
		HideSolutionNode = FALSE
	EndGlobalSection
	GlobalSection(ExtensibilityGlobals) = postSolution
		SolutionGuid = {8134EACA-B75A-4B96-9630-8E217D971B3F}
	EndGlobalSection
EndGlobal
